
Microsoft Visual Studio Solution File, Format Version 12.00
# Visual Studio Version 17
VisualStudioVersion = 17.3.32901.215
MinimumVisualStudioVersion = 10.0.40219.1
Project("{FAE04EC0-301F-11D3-BF4B-00C04F79EFBC}") = "firstApp", "firstApp\firstApp.csproj", "{241DF805-1418-4D2A-83BE-C10241A4BF31}"
EndProject
Global
	GlobalSection(SolutionConfigurationPlatforms) = preSolution
		Debug|Any CPU = Debug|Any CPU
		Release|Any CPU = Release|Any CPU
	EndGlobalSection
	GlobalSection(ProjectConfigurationPlatforms) = postSolution
		{241DF805-1418-4D2A-83BE-C10241A4BF31}.Debug|Any CPU.ActiveCfg = Debug|Any CPU
		{241DF805-1418-4D2A-83BE-C10241A4BF31}.Debug|Any CPU.Build.0 = Debug|Any CPU
		{241DF805-1418-4D2A-83BE-C10241A4BF31}.Release|Any CPU.ActiveCfg = Release|Any CPU
		{241DF805-1418-4D2A-83BE-C10241A4BF31}.Release|Any CPU.Build.0 = Release|Any CPU
	EndGlobalSection
	GlobalSection(SolutionProperties) = preSolution
		HideSolutionNode = FALSE
	EndGlobalSection
	GlobalSection(ExtensibilityGlobals) = postSolution
		SolutionGuid = {0F1C1266-E1CA-45BC-895C-650C177A7C3D}
	EndGlobalSection
EndGlobal
